
Microsoft Visual Studio Solution File, Format Version 12.00
# Visual Studio Version 16
VisualStudioVersion = 16.0.29411.108
MinimumVisualStudioVersion = 10.0.40219.1
Project("{8BC9CEB8-8B4A-11D0-8D11-00A0C91BC942}") = "FSMMaker C++", "FSMMaker C++.vcxproj", "{FDA659AF-21CB-4013-ABC8-44D4ED77852E}"
EndProject
Global
	GlobalSection(SolutionConfigurationPlatforms) = preSolution
		Debug|x64 = Debug|x64
		Debug|x86 = Debug|x86
		Release|x64 = Release|x64
		Release|x86 = Release|x86
	EndGlobalSection
	GlobalSection(ProjectConfigurationPlatforms) = postSolution
		{FDA659AF-21CB-4013-ABC8-44D4ED77852E}.Debug|x64.ActiveCfg = Debug|x64
		{FDA659AF-21CB-4013-ABC8-44D4ED77852E}.Debug|x64.Build.0 = Debug|x64
		{FDA659AF-21CB-4013-ABC8-44D4ED77852E}.Debug|x86.ActiveCfg = Debug|Win32
		{FDA659AF-21CB-4013-ABC8-44D4ED77852E}.Debug|x86.Build.0 = Debug|Win32
		{FDA659AF-21CB-4013-ABC8-44D4ED77852E}.Release|x64.ActiveCfg = Release|x64
		{FDA659AF-21CB-4013-ABC8-44D4ED77852E}.Release|x64.Build.0 = Release|x64
		{FDA659AF-21CB-4013-ABC8-44D4ED77852E}.Release|x86.ActiveCfg = Release|Win32
		{FDA659AF-21CB-4013-ABC8-44D4ED77852E}.Release|x86.Build.0 = Release|Win32
	EndGlobalSection
	GlobalSection(SolutionProperties) = preSolution
		HideSolutionNode = FALSE
	EndGlobalSection
	GlobalSection(ExtensibilityGlobals) = postSolution
		SolutionGuid = {A799CD2F-A13E-49F0-8164-6A9828E0F8C8}
	EndGlobalSection
EndGlobal
