
Microsoft Visual Studio Solution File, Format Version 12.00
# Visual Studio Version 16
VisualStudioVersion = 16.0.29728.190
MinimumVisualStudioVersion = 10.0.40219.1
Project("{888888A0-9F3D-457C-B088-3A5042F75D52}") = "PythonPlayTest1", "PythonPlayTest1.pyproj", "{D1F3EA5E-4AB9-4F07-B605-17B0C18A6DBE}"
EndProject
Global
	GlobalSection(SolutionConfigurationPlatforms) = preSolution
		Debug|Any CPU = Debug|Any CPU
		Release|Any CPU = Release|Any CPU
	EndGlobalSection
	GlobalSection(ProjectConfigurationPlatforms) = postSolution
		{D1F3EA5E-4AB9-4F07-B605-17B0C18A6DBE}.Debug|Any CPU.ActiveCfg = Debug|Any CPU
		{D1F3EA5E-4AB9-4F07-B605-17B0C18A6DBE}.Release|Any CPU.ActiveCfg = Release|Any CPU
	EndGlobalSection
	GlobalSection(SolutionProperties) = preSolution
		HideSolutionNode = FALSE
	EndGlobalSection
	GlobalSection(ExtensibilityGlobals) = postSolution
		SolutionGuid = {8D257246-DA3B-4924-B705-7287CC0E571F}
	EndGlobalSection
EndGlobal
