
Microsoft Visual Studio Solution File, Format Version 12.00
# Visual Studio Version 16
VisualStudioVersion = 16.0.28315.86
MinimumVisualStudioVersion = 10.0.40219.1
Project("{2150E333-8FDC-42A3-9474-1A3956D46DE8}") = "Engine", "Engine", "{B290D2D6-B656-473A-A3F3-79DBEF9AFBFE}"
EndProject
Project("{2150E333-8FDC-42A3-9474-1A3956D46DE8}") = "Games", "Games", "{5422B0FE-03D4-48EF-BEF3-EA0CB7614D10}"
EndProject
Project("{8BC9CEB8-8B4A-11D0-8D11-00A0C91BC942}") = "UE4", "Intermediate\ProjectFiles\UE4.vcxproj", "{7FBB9EC1-F6BD-4516-95EC-5B2119B75E74}"
EndProject
Project("{8BC9CEB8-8B4A-11D0-8D11-00A0C91BC942}") = "Pokemon_Uprising", "Intermediate\ProjectFiles\Pokemon_Uprising.vcxproj", "{167207CA-787F-438F-ACBB-8001DC15CFEA}"
EndProject
Project("{2150E333-8FDC-42A3-9474-1A3956D46DE8}") = "Visualizers", "Visualizers", "{DD3779DB-3819-431E-AA85-979ED15BDEDA}"
	ProjectSection(SolutionItems) = preProject
		D:\Epic Games\UE_4.23\Engine\Extras\VisualStudioDebugging\UE4.natvis = D:\Epic Games\UE_4.23\Engine\Extras\VisualStudioDebugging\UE4.natvis
	EndProjectSection
EndProject
Global
	GlobalSection(SolutionConfigurationPlatforms) = preSolution
		DebugGame Editor|HTML5 = DebugGame Editor|HTML5
		DebugGame Editor|Win32 = DebugGame Editor|Win32
		DebugGame Editor|Win64 = DebugGame Editor|Win64
		DebugGame|HTML5 = DebugGame|HTML5
		DebugGame|Win32 = DebugGame|Win32
		DebugGame|Win64 = DebugGame|Win64
		Development Editor|HTML5 = Development Editor|HTML5
		Development Editor|Win32 = Development Editor|Win32
		Development Editor|Win64 = Development Editor|Win64
		Development|HTML5 = Development|HTML5
		Development|Win32 = Development|Win32
		Development|Win64 = Development|Win64
		Shipping|HTML5 = Shipping|HTML5
		Shipping|Win32 = Shipping|Win32
		Shipping|Win64 = Shipping|Win64
	EndGlobalSection
	GlobalSection(ProjectConfigurationPlatforms) = postSolution
		{7FBB9EC1-F6BD-4516-95EC-5B2119B75E74}.DebugGame Editor|HTML5.ActiveCfg = BuiltWithUnrealBuildTool|Win32
		{7FBB9EC1-F6BD-4516-95EC-5B2119B75E74}.DebugGame Editor|Win32.ActiveCfg = BuiltWithUnrealBuildTool|Win32
		{7FBB9EC1-F6BD-4516-95EC-5B2119B75E74}.DebugGame Editor|Win64.ActiveCfg = BuiltWithUnrealBuildTool|Win32
		{7FBB9EC1-F6BD-4516-95EC-5B2119B75E74}.DebugGame|HTML5.ActiveCfg = BuiltWithUnrealBuildTool|Win32
		{7FBB9EC1-F6BD-4516-95EC-5B2119B75E74}.DebugGame|Win32.ActiveCfg = BuiltWithUnrealBuildTool|Win32
		{7FBB9EC1-F6BD-4516-95EC-5B2119B75E74}.DebugGame|Win64.ActiveCfg = BuiltWithUnrealBuildTool|Win32
		{7FBB9EC1-F6BD-4516-95EC-5B2119B75E74}.Development Editor|HTML5.ActiveCfg = BuiltWithUnrealBuildTool|Win32
		{7FBB9EC1-F6BD-4516-95EC-5B2119B75E74}.Development Editor|Win32.ActiveCfg = BuiltWithUnrealBuildTool|Win32
		{7FBB9EC1-F6BD-4516-95EC-5B2119B75E74}.Development Editor|Win64.ActiveCfg = BuiltWithUnrealBuildTool|Win32
		{7FBB9EC1-F6BD-4516-95EC-5B2119B75E74}.Development|HTML5.ActiveCfg = BuiltWithUnrealBuildTool|Win32
		{7FBB9EC1-F6BD-4516-95EC-5B2119B75E74}.Development|Win32.ActiveCfg = BuiltWithUnrealBuildTool|Win32
		{7FBB9EC1-F6BD-4516-95EC-5B2119B75E74}.Development|Win64.ActiveCfg = BuiltWithUnrealBuildTool|Win32
		{7FBB9EC1-F6BD-4516-95EC-5B2119B75E74}.Shipping|HTML5.ActiveCfg = BuiltWithUnrealBuildTool|Win32
		{7FBB9EC1-F6BD-4516-95EC-5B2119B75E74}.Shipping|Win32.ActiveCfg = BuiltWithUnrealBuildTool|Win32
		{7FBB9EC1-F6BD-4516-95EC-5B2119B75E74}.Shipping|Win64.ActiveCfg = BuiltWithUnrealBuildTool|Win32
		{167207CA-787F-438F-ACBB-8001DC15CFEA}.DebugGame Editor|HTML5.ActiveCfg = Invalid|Win32
		{167207CA-787F-438F-ACBB-8001DC15CFEA}.DebugGame Editor|Win32.ActiveCfg = Invalid|Win32
		{167207CA-787F-438F-ACBB-8001DC15CFEA}.DebugGame Editor|Win64.ActiveCfg = DebugGame_Editor|x64
		{167207CA-787F-438F-ACBB-8001DC15CFEA}.DebugGame Editor|Win64.Build.0 = DebugGame_Editor|x64
		{167207CA-787F-438F-ACBB-8001DC15CFEA}.DebugGame|HTML5.ActiveCfg = HTML5_DebugGame|Win32
		{167207CA-787F-438F-ACBB-8001DC15CFEA}.DebugGame|HTML5.Build.0 = HTML5_DebugGame|Win32
		{167207CA-787F-438F-ACBB-8001DC15CFEA}.DebugGame|Win32.ActiveCfg = DebugGame|Win32
		{167207CA-787F-438F-ACBB-8001DC15CFEA}.DebugGame|Win32.Build.0 = DebugGame|Win32
		{167207CA-787F-438F-ACBB-8001DC15CFEA}.DebugGame|Win64.ActiveCfg = DebugGame|x64
		{167207CA-787F-438F-ACBB-8001DC15CFEA}.DebugGame|Win64.Build.0 = DebugGame|x64
		{167207CA-787F-438F-ACBB-8001DC15CFEA}.Development Editor|HTML5.ActiveCfg = Invalid|Win32
		{167207CA-787F-438F-ACBB-8001DC15CFEA}.Development Editor|Win32.ActiveCfg = Invalid|Win32
		{167207CA-787F-438F-ACBB-8001DC15CFEA}.Development Editor|Win64.ActiveCfg = Development_Editor|x64
		{167207CA-787F-438F-ACBB-8001DC15CFEA}.Development Editor|Win64.Build.0 = Development_Editor|x64
		{167207CA-787F-438F-ACBB-8001DC15CFEA}.Development|HTML5.ActiveCfg = HTML5_Development|Win32
		{167207CA-787F-438F-ACBB-8001DC15CFEA}.Development|HTML5.Build.0 = HTML5_Development|Win32
		{167207CA-787F-438F-ACBB-8001DC15CFEA}.Development|Win32.ActiveCfg = Development|Win32
		{167207CA-787F-438F-ACBB-8001DC15CFEA}.Development|Win32.Build.0 = Development|Win32
		{167207CA-787F-438F-ACBB-8001DC15CFEA}.Development|Win64.ActiveCfg = Development|x64
		{167207CA-787F-438F-ACBB-8001DC15CFEA}.Development|Win64.Build.0 = Development|x64
		{167207CA-787F-438F-ACBB-8001DC15CFEA}.Shipping|HTML5.ActiveCfg = HTML5_Shipping|Win32
		{167207CA-787F-438F-ACBB-8001DC15CFEA}.Shipping|HTML5.Build.0 = HTML5_Shipping|Win32
		{167207CA-787F-438F-ACBB-8001DC15CFEA}.Shipping|Win32.ActiveCfg = Shipping|Win32
		{167207CA-787F-438F-ACBB-8001DC15CFEA}.Shipping|Win32.Build.0 = Shipping|Win32
		{167207CA-787F-438F-ACBB-8001DC15CFEA}.Shipping|Win64.ActiveCfg = Shipping|x64
		{167207CA-787F-438F-ACBB-8001DC15CFEA}.Shipping|Win64.Build.0 = Shipping|x64
	EndGlobalSection
	GlobalSection(SolutionProperties) = preSolution
		HideSolutionNode = FALSE
	EndGlobalSection
	GlobalSection(NestedProjects) = preSolution
		{7FBB9EC1-F6BD-4516-95EC-5B2119B75E74} = {B290D2D6-B656-473A-A3F3-79DBEF9AFBFE}
		{167207CA-787F-438F-ACBB-8001DC15CFEA} = {5422B0FE-03D4-48EF-BEF3-EA0CB7614D10}
	EndGlobalSection
EndGlobal
